
Microsoft Visual Studio Solution File, Format Version 12.00
# Visual Studio 15
VisualStudioVersion = 15.0.28307.1705
MinimumVisualStudioVersion = 10.0.40219.1
Project("{FAE04EC0-301F-11D3-BF4B-00C04F79EFBC}") = "TOIR", "WpfApp1\TOIR.csproj", "{370036CA-C6CD-4770-89E8-1EB5CC05A1B3}"
EndProject
Global
	GlobalSection(SolutionConfigurationPlatforms) = preSolution
		Debug|Any CPU = Debug|Any CPU
		Release|Any CPU = Release|Any CPU
	EndGlobalSection
	GlobalSection(ProjectConfigurationPlatforms) = postSolution
		{370036CA-C6CD-4770-89E8-1EB5CC05A1B3}.Debug|Any CPU.ActiveCfg = Debug|Any CPU
		{370036CA-C6CD-4770-89E8-1EB5CC05A1B3}.Debug|Any CPU.Build.0 = Debug|Any CPU
		{370036CA-C6CD-4770-89E8-1EB5CC05A1B3}.Release|Any CPU.ActiveCfg = Release|Any CPU
		{370036CA-C6CD-4770-89E8-1EB5CC05A1B3}.Release|Any CPU.Build.0 = Release|Any CPU
	EndGlobalSection
	GlobalSection(SolutionProperties) = preSolution
		HideSolutionNode = FALSE
	EndGlobalSection
	GlobalSection(ExtensibilityGlobals) = postSolution
		SolutionGuid = {6D0D01A8-C279-444E-9917-CD7F64A8E7C6}
	EndGlobalSection
EndGlobal
